
Microsoft Visual Studio Solution File, Format Version 12.00
# Visual Studio Version 16
VisualStudioVersion = 16.0.29728.190
MinimumVisualStudioVersion = 10.0.40219.1
Project("{9A19103F-16F7-4668-BE54-9A1E7A4F7556}") = "FibonacciSequence", "FibonacciSequence\FibonacciSequence.csproj", "{F86646BC-6C52-4767-B747-D561DAA5256C}"
EndProject
Project("{9A19103F-16F7-4668-BE54-9A1E7A4F7556}") = "FibonacciSequence.Tests", "FibonacciSequence.Tests\FibonacciSequence.Tests.csproj", "{9B142B4B-B549-4AD7-A1F9-02E04AF5CBE0}"
EndProject
Project("{9A19103F-16F7-4668-BE54-9A1E7A4F7556}") = "Collections", "Collections\Collections.csproj", "{E437A4F5-C5FF-444E-AB92-B6025408908B}"
EndProject
Project("{9A19103F-16F7-4668-BE54-9A1E7A4F7556}") = "Collections.Tests", "Collections.Tests\Collections.Tests.csproj", "{3124E6D1-51E7-4E00-849F-168913BEEEB7}"
EndProject
Project("{9A19103F-16F7-4668-BE54-9A1E7A4F7556}") = "PrimeNumbers", "PrimeNumbers\PrimeNumbers.csproj", "{52B002F3-11B4-4B60-946D-3606D2403263}"
EndProject
Project("{9A19103F-16F7-4668-BE54-9A1E7A4F7556}") = "PrimeNumbers.Tests", "PrimeNumbers.Tests\PrimeNumbers.Tests.csproj", "{5D18720C-FF9D-4355-AFDE-D0786DB529D5}"
EndProject
Project("{FAE04EC0-301F-11D3-BF4B-00C04F79EFBC}") = "EnumerableSequences", "EnumerableSequences\EnumerableSequences.csproj", "{1D0C02A8-EB0F-48B7-ACF8-191FC9572DD9}"
EndProject
Project("{FAE04EC0-301F-11D3-BF4B-00C04F79EFBC}") = "EnumerableSequences.Tests", "EnumerableSequences.Tests\EnumerableSequences.Tests.csproj", "{D6AD5F75-3F71-4F9F-8F17-57851121511D}"
EndProject
Project("{9A19103F-16F7-4668-BE54-9A1E7A4F7556}") = "DoubleManipulation", "DoubleManipulation\DoubleManipulation.csproj", "{260B72F2-9925-481E-B420-4FAD1AB3B2B5}"
EndProject
Project("{9A19103F-16F7-4668-BE54-9A1E7A4F7556}") = "NumberExtension", "NumberExtension\NumberExtension.csproj", "{D80969A7-24D3-454F-8D83-F3E24BEF9A76}"
EndProject
Project("{9A19103F-16F7-4668-BE54-9A1E7A4F7556}") = "Helpers", "Helpers\Helpers.csproj", "{F1FE75AB-71A0-4EA2-A60C-0F12A0C0DC15}"
EndProject
Global
	GlobalSection(SolutionConfigurationPlatforms) = preSolution
		Debug|Any CPU = Debug|Any CPU
		Release|Any CPU = Release|Any CPU
	EndGlobalSection
	GlobalSection(ProjectConfigurationPlatforms) = postSolution
		{F86646BC-6C52-4767-B747-D561DAA5256C}.Debug|Any CPU.ActiveCfg = Debug|Any CPU
		{F86646BC-6C52-4767-B747-D561DAA5256C}.Debug|Any CPU.Build.0 = Debug|Any CPU
		{F86646BC-6C52-4767-B747-D561DAA5256C}.Release|Any CPU.ActiveCfg = Release|Any CPU
		{F86646BC-6C52-4767-B747-D561DAA5256C}.Release|Any CPU.Build.0 = Release|Any CPU
		{9B142B4B-B549-4AD7-A1F9-02E04AF5CBE0}.Debug|Any CPU.ActiveCfg = Debug|Any CPU
		{9B142B4B-B549-4AD7-A1F9-02E04AF5CBE0}.Debug|Any CPU.Build.0 = Debug|Any CPU
		{9B142B4B-B549-4AD7-A1F9-02E04AF5CBE0}.Release|Any CPU.ActiveCfg = Release|Any CPU
		{9B142B4B-B549-4AD7-A1F9-02E04AF5CBE0}.Release|Any CPU.Build.0 = Release|Any CPU
		{E437A4F5-C5FF-444E-AB92-B6025408908B}.Debug|Any CPU.ActiveCfg = Debug|Any CPU
		{E437A4F5-C5FF-444E-AB92-B6025408908B}.Debug|Any CPU.Build.0 = Debug|Any CPU
		{E437A4F5-C5FF-444E-AB92-B6025408908B}.Release|Any CPU.ActiveCfg = Release|Any CPU
		{E437A4F5-C5FF-444E-AB92-B6025408908B}.Release|Any CPU.Build.0 = Release|Any CPU
		{3124E6D1-51E7-4E00-849F-168913BEEEB7}.Debug|Any CPU.ActiveCfg = Debug|Any CPU
		{3124E6D1-51E7-4E00-849F-168913BEEEB7}.Debug|Any CPU.Build.0 = Debug|Any CPU
		{3124E6D1-51E7-4E00-849F-168913BEEEB7}.Release|Any CPU.ActiveCfg = Release|Any CPU
		{3124E6D1-51E7-4E00-849F-168913BEEEB7}.Release|Any CPU.Build.0 = Release|Any CPU
		{52B002F3-11B4-4B60-946D-3606D2403263}.Debug|Any CPU.ActiveCfg = Debug|Any CPU
		{52B002F3-11B4-4B60-946D-3606D2403263}.Debug|Any CPU.Build.0 = Debug|Any CPU
		{52B002F3-11B4-4B60-946D-3606D2403263}.Release|Any CPU.ActiveCfg = Release|Any CPU
		{52B002F3-11B4-4B60-946D-3606D2403263}.Release|Any CPU.Build.0 = Release|Any CPU
		{5D18720C-FF9D-4355-AFDE-D0786DB529D5}.Debug|Any CPU.ActiveCfg = Debug|Any CPU
		{5D18720C-FF9D-4355-AFDE-D0786DB529D5}.Debug|Any CPU.Build.0 = Debug|Any CPU
		{5D18720C-FF9D-4355-AFDE-D0786DB529D5}.Release|Any CPU.ActiveCfg = Release|Any CPU
		{5D18720C-FF9D-4355-AFDE-D0786DB529D5}.Release|Any CPU.Build.0 = Release|Any CPU
		{1D0C02A8-EB0F-48B7-ACF8-191FC9572DD9}.Debug|Any CPU.ActiveCfg = Debug|Any CPU
		{1D0C02A8-EB0F-48B7-ACF8-191FC9572DD9}.Debug|Any CPU.Build.0 = Debug|Any CPU
		{1D0C02A8-EB0F-48B7-ACF8-191FC9572DD9}.Release|Any CPU.ActiveCfg = Release|Any CPU
		{1D0C02A8-EB0F-48B7-ACF8-191FC9572DD9}.Release|Any CPU.Build.0 = Release|Any CPU
		{D6AD5F75-3F71-4F9F-8F17-57851121511D}.Debug|Any CPU.ActiveCfg = Debug|Any CPU
		{D6AD5F75-3F71-4F9F-8F17-57851121511D}.Debug|Any CPU.Build.0 = Debug|Any CPU
		{D6AD5F75-3F71-4F9F-8F17-57851121511D}.Release|Any CPU.ActiveCfg = Release|Any CPU
		{D6AD5F75-3F71-4F9F-8F17-57851121511D}.Release|Any CPU.Build.0 = Release|Any CPU
		{260B72F2-9925-481E-B420-4FAD1AB3B2B5}.Debug|Any CPU.ActiveCfg = Debug|Any CPU
		{260B72F2-9925-481E-B420-4FAD1AB3B2B5}.Debug|Any CPU.Build.0 = Debug|Any CPU
		{260B72F2-9925-481E-B420-4FAD1AB3B2B5}.Release|Any CPU.ActiveCfg = Release|Any CPU
		{260B72F2-9925-481E-B420-4FAD1AB3B2B5}.Release|Any CPU.Build.0 = Release|Any CPU
		{D80969A7-24D3-454F-8D83-F3E24BEF9A76}.Debug|Any CPU.ActiveCfg = Debug|Any CPU
		{D80969A7-24D3-454F-8D83-F3E24BEF9A76}.Debug|Any CPU.Build.0 = Debug|Any CPU
		{D80969A7-24D3-454F-8D83-F3E24BEF9A76}.Release|Any CPU.ActiveCfg = Release|Any CPU
		{D80969A7-24D3-454F-8D83-F3E24BEF9A76}.Release|Any CPU.Build.0 = Release|Any CPU
		{F1FE75AB-71A0-4EA2-A60C-0F12A0C0DC15}.Debug|Any CPU.ActiveCfg = Debug|Any CPU
		{F1FE75AB-71A0-4EA2-A60C-0F12A0C0DC15}.Debug|Any CPU.Build.0 = Debug|Any CPU
		{F1FE75AB-71A0-4EA2-A60C-0F12A0C0DC15}.Release|Any CPU.ActiveCfg = Release|Any CPU
		{F1FE75AB-71A0-4EA2-A60C-0F12A0C0DC15}.Release|Any CPU.Build.0 = Release|Any CPU
	EndGlobalSection
	GlobalSection(SolutionProperties) = preSolution
		HideSolutionNode = FALSE
	EndGlobalSection
	GlobalSection(ExtensibilityGlobals) = postSolution
		SolutionGuid = {FC0B4321-B250-4EF8-AEE0-511E3C62D006}
	EndGlobalSection
EndGlobal
